Microsoft Visual Studio Solution File, Format Version 11.00
# Visual Studio 2008

Project("{AD7B5303-E03E-BC3F-3121-B0B4FA7D3AEA}") = "Maze Game", "Assembly-CSharp-firstpass.csproj", "{78E18ACD-EF8D-7B4D-0BD8-A7232AD8335B}"
EndProject
Project("{AD7B5303-E03E-BC3F-3121-B0B4FA7D3AEA}") = "Maze Game", "Assembly-CSharp.csproj", "{0FAA79C0-D439-C78C-FC16-E3C2DDCBEA87}"
EndProject
Project("{AD7B5303-E03E-BC3F-3121-B0B4FA7D3AEA}") = "Maze Game", "Assembly-UnityScript-firstpass.unityproj", "{B47EA7A7-F2B2-8421-027C-027FA9DA50D3}"
EndProject
Project("{AD7B5303-E03E-BC3F-3121-B0B4FA7D3AEA}") = "Maze Game", "Assembly-UnityScript.unityproj", "{B5156597-A8D8-9E07-7DEF-BA059770F464}"
EndProject
Project("{AD7B5303-E03E-BC3F-3121-B0B4FA7D3AEA}") = "Maze Game", "Assembly-UnityScript-Editor.unityproj", "{547F93A2-561A-9E17-B034-56D6B60E746C}"
EndProject
Global
	GlobalSection(SolutionConfigurationPlatforms) = preSolution
		Debug|Any CPU = Debug|Any CPU
		Release|Any CPU = Release|Any CPU
	EndGlobalSection
	GlobalSection(ProjectConfigurationPlatforms) = postSolution
		{78E18ACD-EF8D-7B4D-0BD8-A7232AD8335B}.Debug|Any CPU.ActiveCfg = Debug|Any CPU
		{78E18ACD-EF8D-7B4D-0BD8-A7232AD8335B}.Debug|Any CPU.Build.0 = Debug|Any CPU
		{78E18ACD-EF8D-7B4D-0BD8-A7232AD8335B}.Release|Any CPU.ActiveCfg = Release|Any CPU
		{78E18ACD-EF8D-7B4D-0BD8-A7232AD8335B}.Release|Any CPU.Build.0 = Release|Any CPU
		{0FAA79C0-D439-C78C-FC16-E3C2DDCBEA87}.Debug|Any CPU.ActiveCfg = Debug|Any CPU
		{0FAA79C0-D439-C78C-FC16-E3C2DDCBEA87}.Debug|Any CPU.Build.0 = Debug|Any CPU
		{0FAA79C0-D439-C78C-FC16-E3C2DDCBEA87}.Release|Any CPU.ActiveCfg = Release|Any CPU
		{0FAA79C0-D439-C78C-FC16-E3C2DDCBEA87}.Release|Any CPU.Build.0 = Release|Any CPU
		{B47EA7A7-F2B2-8421-027C-027FA9DA50D3}.Debug|Any CPU.ActiveCfg = Debug|Any CPU
		{B47EA7A7-F2B2-8421-027C-027FA9DA50D3}.Debug|Any CPU.Build.0 = Debug|Any CPU
		{B47EA7A7-F2B2-8421-027C-027FA9DA50D3}.Release|Any CPU.ActiveCfg = Release|Any CPU
		{B47EA7A7-F2B2-8421-027C-027FA9DA50D3}.Release|Any CPU.Build.0 = Release|Any CPU
		{B5156597-A8D8-9E07-7DEF-BA059770F464}.Debug|Any CPU.ActiveCfg = Debug|Any CPU
		{B5156597-A8D8-9E07-7DEF-BA059770F464}.Debug|Any CPU.Build.0 = Debug|Any CPU
		{B5156597-A8D8-9E07-7DEF-BA059770F464}.Release|Any CPU.ActiveCfg = Release|Any CPU
		{B5156597-A8D8-9E07-7DEF-BA059770F464}.Release|Any CPU.Build.0 = Release|Any CPU
		{547F93A2-561A-9E17-B034-56D6B60E746C}.Debug|Any CPU.ActiveCfg = Debug|Any CPU
		{547F93A2-561A-9E17-B034-56D6B60E746C}.Debug|Any CPU.Build.0 = Debug|Any CPU
		{547F93A2-561A-9E17-B034-56D6B60E746C}.Release|Any CPU.ActiveCfg = Release|Any CPU
		{547F93A2-561A-9E17-B034-56D6B60E746C}.Release|Any CPU.Build.0 = Release|Any CPU
	EndGlobalSection
	GlobalSection(SolutionProperties) = preSolution
		HideSolutionNode = FALSE
	EndGlobalSection
								GlobalSection(MonoDevelopProperties) = preSolution
		StartupItem = Assembly-CSharp.csproj
		Policies = $0
		$0.TextStylePolicy = $1
		$1.inheritsSet = null
		$1.scope = text/x-csharp
		$0.CSharpFormattingPolicy = $2
		$2.inheritsSet = Mono
		$2.inheritsScope = text/x-csharp
		$2.scope = text/x-csharp
		$0.TextStylePolicy = $3
		$3.FileWidth = 120
		$3.TabWidth = 4
		$3.EolMarker = Unix
		$3.inheritsSet = Mono
		$3.inheritsScope = text/plain
		$3.scope = text/plain
	EndGlobalSection

EndGlobal
